
Microsoft Visual Studio Solution File, Format Version 12.00
# Visual Studio Version 17
VisualStudioVersion = 17.9.34622.214
MinimumVisualStudioVersion = 10.0.40219.1
Project("{9A19103F-16F7-4668-BE54-9A1E7A4F7556}") = "ICEPatcher", "ICEPatcher\ICEPatcher.csproj", "{2B310C0C-990F-425D-8A93-B17C4D867CD4}"
	ProjectSection(ProjectDependencies) = postProject
		{84D63988-81DE-4639-8E44-FE5A25EDDC97} = {84D63988-81DE-4639-8E44-FE5A25EDDC97}
	EndProjectSection
EndProject
Project("{9A19103F-16F7-4668-BE54-9A1E7A4F7556}") = "AquaModelLibrary.Data", "PSO2-Aqua-Library\AquaModelLibrary.Data\AquaModelLibrary.Data.csproj", "{4144E689-76E5-410E-BA07-EDDD6117149E}"
EndProject
Project("{9A19103F-16F7-4668-BE54-9A1E7A4F7556}") = "AquaModelLibrary.Core", "PSO2-Aqua-Library\AquaModelLibrary.Core\AquaModelLibrary.Core.csproj", "{B8A94F4B-F653-4355-A5B6-DC1C3DB37454}"
EndProject
Project("{9A19103F-16F7-4668-BE54-9A1E7A4F7556}") = "ArchiveLib", "PSO2-Aqua-Library\SAToolsShared\ArchiveLib\ArchiveLib.csproj", "{9DAF4730-4DE6-4688-8AF8-3F6B43C10BAB}"
EndProject
Project("{9A19103F-16F7-4668-BE54-9A1E7A4F7556}") = "SoulsFormats", "PSO2-Aqua-Library\SoulsFormats\SoulsFormats\SoulsFormats.csproj", "{DC95E8B3-2C16-42C3-88DC-A445633F2803}"
EndProject
Project("{FAE04EC0-301F-11D3-BF4B-00C04F79EFBC}") = "UnluacNET", "PSO2-Aqua-Library\UnluacNET\UnluacNET.csproj", "{ED5D3E22-804B-4BAA-BD7F-F47F19804CF8}"
EndProject
Project("{9A19103F-16F7-4668-BE54-9A1E7A4F7556}") = "VrSharp", "PSO2-Aqua-Library\SAToolsShared\VrSharp\VrSharp.csproj", "{238D87BF-8F2E-438F-A8FC-38419FA79653}"
EndProject
Project("{9A19103F-16F7-4668-BE54-9A1E7A4F7556}") = "AquaModelLibrary.Helpers", "PSO2-Aqua-Library\AquaModelLibrary.Helpers\AquaModelLibrary.Helpers.csproj", "{0E691174-81DB-4433-9F7F-BD08F75255F8}"
EndProject
Project("{9A19103F-16F7-4668-BE54-9A1E7A4F7556}") = "ZamboniLib", "PSO2-Aqua-Library\ZamboniLib\ZamboniLib\ZamboniLib.csproj", "{84D63988-81DE-4639-8E44-FE5A25EDDC97}"
EndProject
Project("{8BC9CEB8-8B4A-11D0-8D11-00A0C91BC942}") = "AquaModelLibrary.Native", "PSO2-Aqua-Library\AquaModelLibrary.Native\AquaModelLibrary.Native.vcxproj", "{2C3B66BB-F1A9-4513-AB63-570D7687C6A7}"
EndProject
Global
	GlobalSection(SolutionConfigurationPlatforms) = preSolution
		Debug|Any CPU = Debug|Any CPU
		Debug|x64 = Debug|x64
		Debug|x86 = Debug|x86
		Release|Any CPU = Release|Any CPU
		Release|x64 = Release|x64
		Release|x86 = Release|x86
	EndGlobalSection
	GlobalSection(ProjectConfigurationPlatforms) = postSolution
		{2B310C0C-990F-425D-8A93-B17C4D867CD4}.Debug|Any CPU.ActiveCfg = Debug|Any CPU
		{2B310C0C-990F-425D-8A93-B17C4D867CD4}.Debug|Any CPU.Build.0 = Debug|Any CPU
		{2B310C0C-990F-425D-8A93-B17C4D867CD4}.Debug|x64.ActiveCfg = Debug|Any CPU
		{2B310C0C-990F-425D-8A93-B17C4D867CD4}.Debug|x64.Build.0 = Debug|Any CPU
		{2B310C0C-990F-425D-8A93-B17C4D867CD4}.Debug|x86.ActiveCfg = Debug|Any CPU
		{2B310C0C-990F-425D-8A93-B17C4D867CD4}.Debug|x86.Build.0 = Debug|Any CPU
		{2B310C0C-990F-425D-8A93-B17C4D867CD4}.Release|Any CPU.ActiveCfg = Release|Any CPU
		{2B310C0C-990F-425D-8A93-B17C4D867CD4}.Release|Any CPU.Build.0 = Release|Any CPU
		{2B310C0C-990F-425D-8A93-B17C4D867CD4}.Release|x64.ActiveCfg = Release|Any CPU
		{2B310C0C-990F-425D-8A93-B17C4D867CD4}.Release|x64.Build.0 = Release|Any CPU
		{2B310C0C-990F-425D-8A93-B17C4D867CD4}.Release|x86.ActiveCfg = Release|Any CPU
		{2B310C0C-990F-425D-8A93-B17C4D867CD4}.Release|x86.Build.0 = Release|Any CPU
		{4144E689-76E5-410E-BA07-EDDD6117149E}.Debug|Any CPU.ActiveCfg = Debug|Any CPU
		{4144E689-76E5-410E-BA07-EDDD6117149E}.Debug|Any CPU.Build.0 = Debug|Any CPU
		{4144E689-76E5-410E-BA07-EDDD6117149E}.Debug|x64.ActiveCfg = Debug|Any CPU
		{4144E689-76E5-410E-BA07-EDDD6117149E}.Debug|x64.Build.0 = Debug|Any CPU
		{4144E689-76E5-410E-BA07-EDDD6117149E}.Debug|x86.ActiveCfg = Debug|Any CPU
		{4144E689-76E5-410E-BA07-EDDD6117149E}.Debug|x86.Build.0 = Debug|Any CPU
		{4144E689-76E5-410E-BA07-EDDD6117149E}.Release|Any CPU.ActiveCfg = Release|Any CPU
		{4144E689-76E5-410E-BA07-EDDD6117149E}.Release|Any CPU.Build.0 = Release|Any CPU
		{4144E689-76E5-410E-BA07-EDDD6117149E}.Release|x64.ActiveCfg = Release|Any CPU
		{4144E689-76E5-410E-BA07-EDDD6117149E}.Release|x64.Build.0 = Release|Any CPU
		{4144E689-76E5-410E-BA07-EDDD6117149E}.Release|x86.ActiveCfg = Release|Any CPU
		{4144E689-76E5-410E-BA07-EDDD6117149E}.Release|x86.Build.0 = Release|Any CPU
		{B8A94F4B-F653-4355-A5B6-DC1C3DB37454}.Debug|Any CPU.ActiveCfg = Debug|Any CPU
		{B8A94F4B-F653-4355-A5B6-DC1C3DB37454}.Debug|Any CPU.Build.0 = Debug|Any CPU
		{B8A94F4B-F653-4355-A5B6-DC1C3DB37454}.Debug|x64.ActiveCfg = Debug|Any CPU
		{B8A94F4B-F653-4355-A5B6-DC1C3DB37454}.Debug|x64.Build.0 = Debug|Any CPU
		{B8A94F4B-F653-4355-A5B6-DC1C3DB37454}.Debug|x86.ActiveCfg = Debug|Any CPU
		{B8A94F4B-F653-4355-A5B6-DC1C3DB37454}.Debug|x86.Build.0 = Debug|Any CPU
		{B8A94F4B-F653-4355-A5B6-DC1C3DB37454}.Release|Any CPU.ActiveCfg = Release|Any CPU
		{B8A94F4B-F653-4355-A5B6-DC1C3DB37454}.Release|Any CPU.Build.0 = Release|Any CPU
		{B8A94F4B-F653-4355-A5B6-DC1C3DB37454}.Release|x64.ActiveCfg = Release|Any CPU
		{B8A94F4B-F653-4355-A5B6-DC1C3DB37454}.Release|x64.Build.0 = Release|Any CPU
		{B8A94F4B-F653-4355-A5B6-DC1C3DB37454}.Release|x86.ActiveCfg = Release|Any CPU
		{B8A94F4B-F653-4355-A5B6-DC1C3DB37454}.Release|x86.Build.0 = Release|Any CPU
		{9DAF4730-4DE6-4688-8AF8-3F6B43C10BAB}.Debug|Any CPU.ActiveCfg = Debug|x64
		{9DAF4730-4DE6-4688-8AF8-3F6B43C10BAB}.Debug|Any CPU.Build.0 = Debug|x64
		{9DAF4730-4DE6-4688-8AF8-3F6B43C10BAB}.Debug|x64.ActiveCfg = Debug|x64
		{9DAF4730-4DE6-4688-8AF8-3F6B43C10BAB}.Debug|x64.Build.0 = Debug|x64
		{9DAF4730-4DE6-4688-8AF8-3F6B43C10BAB}.Debug|x86.ActiveCfg = Debug|x86
		{9DAF4730-4DE6-4688-8AF8-3F6B43C10BAB}.Debug|x86.Build.0 = Debug|x86
		{9DAF4730-4DE6-4688-8AF8-3F6B43C10BAB}.Release|Any CPU.ActiveCfg = Release|x64
		{9DAF4730-4DE6-4688-8AF8-3F6B43C10BAB}.Release|Any CPU.Build.0 = Release|x64
		{9DAF4730-4DE6-4688-8AF8-3F6B43C10BAB}.Release|x64.ActiveCfg = Release|x64
		{9DAF4730-4DE6-4688-8AF8-3F6B43C10BAB}.Release|x64.Build.0 = Release|x64
		{9DAF4730-4DE6-4688-8AF8-3F6B43C10BAB}.Release|x86.ActiveCfg = Release|x86
		{9DAF4730-4DE6-4688-8AF8-3F6B43C10BAB}.Release|x86.Build.0 = Release|x86
		{DC95E8B3-2C16-42C3-88DC-A445633F2803}.Debug|Any CPU.ActiveCfg = Debug|Any CPU
		{DC95E8B3-2C16-42C3-88DC-A445633F2803}.Debug|Any CPU.Build.0 = Debug|Any CPU
		{DC95E8B3-2C16-42C3-88DC-A445633F2803}.Debug|x64.ActiveCfg = Debug|Any CPU
		{DC95E8B3-2C16-42C3-88DC-A445633F2803}.Debug|x64.Build.0 = Debug|Any CPU
		{DC95E8B3-2C16-42C3-88DC-A445633F2803}.Debug|x86.ActiveCfg = Debug|Any CPU
		{DC95E8B3-2C16-42C3-88DC-A445633F2803}.Debug|x86.Build.0 = Debug|Any CPU
		{DC95E8B3-2C16-42C3-88DC-A445633F2803}.Release|Any CPU.ActiveCfg = Release|Any CPU
		{DC95E8B3-2C16-42C3-88DC-A445633F2803}.Release|Any CPU.Build.0 = Release|Any CPU
		{DC95E8B3-2C16-42C3-88DC-A445633F2803}.Release|x64.ActiveCfg = Release|Any CPU
		{DC95E8B3-2C16-42C3-88DC-A445633F2803}.Release|x64.Build.0 = Release|Any CPU
		{DC95E8B3-2C16-42C3-88DC-A445633F2803}.Release|x86.ActiveCfg = Release|Any CPU
		{DC95E8B3-2C16-42C3-88DC-A445633F2803}.Release|x86.Build.0 = Release|Any CPU
		{ED5D3E22-804B-4BAA-BD7F-F47F19804CF8}.Debug|Any CPU.ActiveCfg = Debug|Any CPU
		{ED5D3E22-804B-4BAA-BD7F-F47F19804CF8}.Debug|Any CPU.Build.0 = Debug|Any CPU
		{ED5D3E22-804B-4BAA-BD7F-F47F19804CF8}.Debug|x64.ActiveCfg = Debug|Any CPU
		{ED5D3E22-804B-4BAA-BD7F-F47F19804CF8}.Debug|x64.Build.0 = Debug|Any CPU
		{ED5D3E22-804B-4BAA-BD7F-F47F19804CF8}.Debug|x86.ActiveCfg = Debug|Any CPU
		{ED5D3E22-804B-4BAA-BD7F-F47F19804CF8}.Debug|x86.Build.0 = Debug|Any CPU
		{ED5D3E22-804B-4BAA-BD7F-F47F19804CF8}.Release|Any CPU.ActiveCfg = Release|Any CPU
		{ED5D3E22-804B-4BAA-BD7F-F47F19804CF8}.Release|Any CPU.Build.0 = Release|Any CPU
		{ED5D3E22-804B-4BAA-BD7F-F47F19804CF8}.Release|x64.ActiveCfg = Release|Any CPU
		{ED5D3E22-804B-4BAA-BD7F-F47F19804CF8}.Release|x64.Build.0 = Release|Any CPU
		{ED5D3E22-804B-4BAA-BD7F-F47F19804CF8}.Release|x86.ActiveCfg = Release|Any CPU
		{ED5D3E22-804B-4BAA-BD7F-F47F19804CF8}.Release|x86.Build.0 = Release|Any CPU
		{238D87BF-8F2E-438F-A8FC-38419FA79653}.Debug|Any CPU.ActiveCfg = Debug|x64
		{238D87BF-8F2E-438F-A8FC-38419FA79653}.Debug|Any CPU.Build.0 = Debug|x64
		{238D87BF-8F2E-438F-A8FC-38419FA79653}.Debug|x64.ActiveCfg = Debug|x64
		{238D87BF-8F2E-438F-A8FC-38419FA79653}.Debug|x64.Build.0 = Debug|x64
		{238D87BF-8F2E-438F-A8FC-38419FA79653}.Debug|x86.ActiveCfg = Debug|x86
		{238D87BF-8F2E-438F-A8FC-38419FA79653}.Debug|x86.Build.0 = Debug|x86
		{238D87BF-8F2E-438F-A8FC-38419FA79653}.Release|Any CPU.ActiveCfg = Release|x64
		{238D87BF-8F2E-438F-A8FC-38419FA79653}.Release|Any CPU.Build.0 = Release|x64
		{238D87BF-8F2E-438F-A8FC-38419FA79653}.Release|x64.ActiveCfg = Release|x64
		{238D87BF-8F2E-438F-A8FC-38419FA79653}.Release|x64.Build.0 = Release|x64
		{238D87BF-8F2E-438F-A8FC-38419FA79653}.Release|x86.ActiveCfg = Release|x86
		{238D87BF-8F2E-438F-A8FC-38419FA79653}.Release|x86.Build.0 = Release|x86
		{0E691174-81DB-4433-9F7F-BD08F75255F8}.Debug|Any CPU.ActiveCfg = Debug|Any CPU
		{0E691174-81DB-4433-9F7F-BD08F75255F8}.Debug|Any CPU.Build.0 = Debug|Any CPU
		{0E691174-81DB-4433-9F7F-BD08F75255F8}.Debug|x64.ActiveCfg = Debug|Any CPU
		{0E691174-81DB-4433-9F7F-BD08F75255F8}.Debug|x64.Build.0 = Debug|Any CPU
		{0E691174-81DB-4433-9F7F-BD08F75255F8}.Debug|x86.ActiveCfg = Debug|Any CPU
		{0E691174-81DB-4433-9F7F-BD08F75255F8}.Debug|x86.Build.0 = Debug|Any CPU
		{0E691174-81DB-4433-9F7F-BD08F75255F8}.Release|Any CPU.ActiveCfg = Release|Any CPU
		{0E691174-81DB-4433-9F7F-BD08F75255F8}.Release|Any CPU.Build.0 = Release|Any CPU
		{0E691174-81DB-4433-9F7F-BD08F75255F8}.Release|x64.ActiveCfg = Release|Any CPU
		{0E691174-81DB-4433-9F7F-BD08F75255F8}.Release|x64.Build.0 = Release|Any CPU
		{0E691174-81DB-4433-9F7F-BD08F75255F8}.Release|x86.ActiveCfg = Release|Any CPU
		{0E691174-81DB-4433-9F7F-BD08F75255F8}.Release|x86.Build.0 = Release|Any CPU
		{84D63988-81DE-4639-8E44-FE5A25EDDC97}.Debug|Any CPU.ActiveCfg = Debug|Any CPU
		{84D63988-81DE-4639-8E44-FE5A25EDDC97}.Debug|Any CPU.Build.0 = Debug|Any CPU
		{84D63988-81DE-4639-8E44-FE5A25EDDC97}.Debug|x64.ActiveCfg = Debug|Any CPU
		{84D63988-81DE-4639-8E44-FE5A25EDDC97}.Debug|x64.Build.0 = Debug|Any CPU
		{84D63988-81DE-4639-8E44-FE5A25EDDC97}.Debug|x86.ActiveCfg = Debug|Any CPU
		{84D63988-81DE-4639-8E44-FE5A25EDDC97}.Debug|x86.Build.0 = Debug|Any CPU
		{84D63988-81DE-4639-8E44-FE5A25EDDC97}.Release|Any CPU.ActiveCfg = Release|Any CPU
		{84D63988-81DE-4639-8E44-FE5A25EDDC97}.Release|Any CPU.Build.0 = Release|Any CPU
		{84D63988-81DE-4639-8E44-FE5A25EDDC97}.Release|x64.ActiveCfg = Release|Any CPU
		{84D63988-81DE-4639-8E44-FE5A25EDDC97}.Release|x64.Build.0 = Release|Any CPU
		{84D63988-81DE-4639-8E44-FE5A25EDDC97}.Release|x86.ActiveCfg = Release|Any CPU
		{84D63988-81DE-4639-8E44-FE5A25EDDC97}.Release|x86.Build.0 = Release|Any CPU
		{2C3B66BB-F1A9-4513-AB63-570D7687C6A7}.Debug|Any CPU.ActiveCfg = Debug|x64
		{2C3B66BB-F1A9-4513-AB63-570D7687C6A7}.Debug|Any CPU.Build.0 = Debug|x64
		{2C3B66BB-F1A9-4513-AB63-570D7687C6A7}.Debug|x64.ActiveCfg = Debug|x64
		{2C3B66BB-F1A9-4513-AB63-570D7687C6A7}.Debug|x64.Build.0 = Debug|x64
		{2C3B66BB-F1A9-4513-AB63-570D7687C6A7}.Debug|x86.ActiveCfg = Debug|Win32
		{2C3B66BB-F1A9-4513-AB63-570D7687C6A7}.Debug|x86.Build.0 = Debug|Win32
		{2C3B66BB-F1A9-4513-AB63-570D7687C6A7}.Release|Any CPU.ActiveCfg = Release|x64
		{2C3B66BB-F1A9-4513-AB63-570D7687C6A7}.Release|Any CPU.Build.0 = Release|x64
		{2C3B66BB-F1A9-4513-AB63-570D7687C6A7}.Release|x64.ActiveCfg = Release|x64
		{2C3B66BB-F1A9-4513-AB63-570D7687C6A7}.Release|x64.Build.0 = Release|x64
		{2C3B66BB-F1A9-4513-AB63-570D7687C6A7}.Release|x86.ActiveCfg = Release|Win32
		{2C3B66BB-F1A9-4513-AB63-570D7687C6A7}.Release|x86.Build.0 = Release|Win32
	EndGlobalSection
	GlobalSection(SolutionProperties) = preSolution
		HideSolutionNode = FALSE
	EndGlobalSection
	GlobalSection(ExtensibilityGlobals) = postSolution
		SolutionGuid = {30574BC3-73E1-4963-90D3-B8A768BA0962}
	EndGlobalSection
EndGlobal
